
Microsoft Visual Studio Solution File, Format Version 12.00
# Visual Studio Version 17
VisualStudioVersion = 17.1.32210.238
MinimumVisualStudioVersion = 10.0.40219.1
Project("{FAE04EC0-301F-11D3-BF4B-00C04F79EFBC}") = "导师分配", "导师分配.csproj", "{71480026-A142-4F4D-83AF-3FC6BED8DB37}"
EndProject
Global
	GlobalSection(SolutionConfigurationPlatforms) = preSolution
		Debug|Any CPU = Debug|Any CPU
		Release|Any CPU = Release|Any CPU
	EndGlobalSection
	GlobalSection(ProjectConfigurationPlatforms) = postSolution
		{71480026-A142-4F4D-83AF-3FC6BED8DB37}.Debug|Any CPU.ActiveCfg = Debug|Any CPU
		{71480026-A142-4F4D-83AF-3FC6BED8DB37}.Debug|Any CPU.Build.0 = Debug|Any CPU
		{71480026-A142-4F4D-83AF-3FC6BED8DB37}.Release|Any CPU.ActiveCfg = Release|Any CPU
		{71480026-A142-4F4D-83AF-3FC6BED8DB37}.Release|Any CPU.Build.0 = Release|Any CPU
	EndGlobalSection
	GlobalSection(SolutionProperties) = preSolution
		HideSolutionNode = FALSE
	EndGlobalSection
	GlobalSection(ExtensibilityGlobals) = postSolution
		SolutionGuid = {85D36D29-8DBA-4DC5-B6AA-72CF0A7BF23E}
	EndGlobalSection
EndGlobal
