
Microsoft Visual Studio Solution File, Format Version 12.00
# Visual Studio Version 17
VisualStudioVersion = 17.0.31919.166
MinimumVisualStudioVersion = 10.0.40219.1
Project("{FAE04EC0-301F-11D3-BF4B-00C04F79EFBC}") = "1.2.7体侧", "1.2.7体侧\1.2.7体侧.csproj", "{BB41806C-F8F7-45F5-A90A-CCFC5A259776}"
EndProject
Global
	GlobalSection(SolutionConfigurationPlatforms) = preSolution
		Debug|Any CPU = Debug|Any CPU
		Release|Any CPU = Release|Any CPU
	EndGlobalSection
	GlobalSection(ProjectConfigurationPlatforms) = postSolution
		{BB41806C-F8F7-45F5-A90A-CCFC5A259776}.Debug|Any CPU.ActiveCfg = Debug|Any CPU
		{BB41806C-F8F7-45F5-A90A-CCFC5A259776}.Debug|Any CPU.Build.0 = Debug|Any CPU
		{BB41806C-F8F7-45F5-A90A-CCFC5A259776}.Release|Any CPU.ActiveCfg = Release|Any CPU
		{BB41806C-F8F7-45F5-A90A-CCFC5A259776}.Release|Any CPU.Build.0 = Release|Any CPU
	EndGlobalSection
	GlobalSection(SolutionProperties) = preSolution
		HideSolutionNode = FALSE
	EndGlobalSection
	GlobalSection(ExtensibilityGlobals) = postSolution
		SolutionGuid = {D154D17D-A8F7-4315-A982-0D885EB73A91}
	EndGlobalSection
EndGlobal
