
Microsoft Visual Studio Solution File, Format Version 12.00
# Visual Studio Version 17
VisualStudioVersion = 17.1.32319.34
MinimumVisualStudioVersion = 10.0.40219.1
Project("{FAE04EC0-301F-11D3-BF4B-00C04F79EFBC}") = "2.1.2用户登入", "2.1.2用户登入.csproj", "{E26497E9-4E52-45A1-AB33-CBFBE93EA451}"
EndProject
Global
	GlobalSection(SolutionConfigurationPlatforms) = preSolution
		Debug|Any CPU = Debug|Any CPU
		Release|Any CPU = Release|Any CPU
	EndGlobalSection
	GlobalSection(ProjectConfigurationPlatforms) = postSolution
		{E26497E9-4E52-45A1-AB33-CBFBE93EA451}.Debug|Any CPU.ActiveCfg = Debug|Any CPU
		{E26497E9-4E52-45A1-AB33-CBFBE93EA451}.Debug|Any CPU.Build.0 = Debug|Any CPU
		{E26497E9-4E52-45A1-AB33-CBFBE93EA451}.Release|Any CPU.ActiveCfg = Release|Any CPU
		{E26497E9-4E52-45A1-AB33-CBFBE93EA451}.Release|Any CPU.Build.0 = Release|Any CPU
	EndGlobalSection
	GlobalSection(SolutionProperties) = preSolution
		HideSolutionNode = FALSE
	EndGlobalSection
	GlobalSection(ExtensibilityGlobals) = postSolution
		SolutionGuid = {53A56286-FFBC-40B4-8364-26D8525600B3}
	EndGlobalSection
EndGlobal
