
Microsoft Visual Studio Solution File, Format Version 12.00
# Visual Studio Version 17
VisualStudioVersion = 17.1.32319.34
MinimumVisualStudioVersion = 10.0.40219.1
Project("{FAE04EC0-301F-11D3-BF4B-00C04F79EFBC}") = "1.7.4取号,叫号", "1.7.4取号,叫号\1.7.4取号,叫号.csproj", "{E76CAD5F-1ACD-4091-8307-55A31C77F551}"
EndProject
Global
	GlobalSection(SolutionConfigurationPlatforms) = preSolution
		Debug|Any CPU = Debug|Any CPU
		Release|Any CPU = Release|Any CPU
	EndGlobalSection
	GlobalSection(ProjectConfigurationPlatforms) = postSolution
		{E76CAD5F-1ACD-4091-8307-55A31C77F551}.Debug|Any CPU.ActiveCfg = Debug|Any CPU
		{E76CAD5F-1ACD-4091-8307-55A31C77F551}.Debug|Any CPU.Build.0 = Debug|Any CPU
		{E76CAD5F-1ACD-4091-8307-55A31C77F551}.Release|Any CPU.ActiveCfg = Release|Any CPU
		{E76CAD5F-1ACD-4091-8307-55A31C77F551}.Release|Any CPU.Build.0 = Release|Any CPU
	EndGlobalSection
	GlobalSection(SolutionProperties) = preSolution
		HideSolutionNode = FALSE
	EndGlobalSection
	GlobalSection(ExtensibilityGlobals) = postSolution
		SolutionGuid = {F1B127B5-D590-4CC3-B6B6-C0FA60C4A8DF}
	EndGlobalSection
EndGlobal
