
Microsoft Visual Studio Solution File, Format Version 12.00
# Visual Studio Version 17
VisualStudioVersion = 17.1.32319.34
MinimumVisualStudioVersion = 10.0.40219.1
Project("{FAE04EC0-301F-11D3-BF4B-00C04F79EFBC}") = "1.5.1读者借阅,续借,归还图书", "1.5.1读者借阅,续借,归还图书.csproj", "{F1C76F38-4BD6-4C0D-B06E-6777ACABB913}"
EndProject
Global
	GlobalSection(SolutionConfigurationPlatforms) = preSolution
		Debug|Any CPU = Debug|Any CPU
		Release|Any CPU = Release|Any CPU
	EndGlobalSection
	GlobalSection(ProjectConfigurationPlatforms) = postSolution
		{F1C76F38-4BD6-4C0D-B06E-6777ACABB913}.Debug|Any CPU.ActiveCfg = Debug|Any CPU
		{F1C76F38-4BD6-4C0D-B06E-6777ACABB913}.Debug|Any CPU.Build.0 = Debug|Any CPU
		{F1C76F38-4BD6-4C0D-B06E-6777ACABB913}.Release|Any CPU.ActiveCfg = Release|Any CPU
		{F1C76F38-4BD6-4C0D-B06E-6777ACABB913}.Release|Any CPU.Build.0 = Release|Any CPU
	EndGlobalSection
	GlobalSection(SolutionProperties) = preSolution
		HideSolutionNode = FALSE
	EndGlobalSection
	GlobalSection(ExtensibilityGlobals) = postSolution
		SolutionGuid = {7FEAB96A-A45F-4E6D-8B26-74FE515EA26B}
	EndGlobalSection
EndGlobal
