
Microsoft Visual Studio Solution File, Format Version 12.00
# Visual Studio Version 17
VisualStudioVersion = 17.1.32228.430
MinimumVisualStudioVersion = 10.0.40219.1
Project("{FAE04EC0-301F-11D3-BF4B-00C04F79EFBC}") = "1.2.12考务管理", "1.2.12考务管理.csproj", "{5C3D237C-947D-43FE-A089-CBD743E1DEEB}"
EndProject
Global
	GlobalSection(SolutionConfigurationPlatforms) = preSolution
		Debug|Any CPU = Debug|Any CPU
		Release|Any CPU = Release|Any CPU
	EndGlobalSection
	GlobalSection(ProjectConfigurationPlatforms) = postSolution
		{5C3D237C-947D-43FE-A089-CBD743E1DEEB}.Debug|Any CPU.ActiveCfg = Debug|Any CPU
		{5C3D237C-947D-43FE-A089-CBD743E1DEEB}.Debug|Any CPU.Build.0 = Debug|Any CPU
		{5C3D237C-947D-43FE-A089-CBD743E1DEEB}.Release|Any CPU.ActiveCfg = Release|Any CPU
		{5C3D237C-947D-43FE-A089-CBD743E1DEEB}.Release|Any CPU.Build.0 = Release|Any CPU
	EndGlobalSection
	GlobalSection(SolutionProperties) = preSolution
		HideSolutionNode = FALSE
	EndGlobalSection
	GlobalSection(ExtensibilityGlobals) = postSolution
		SolutionGuid = {0585F653-89A9-4135-B4BC-BDADA0FAEE00}
	EndGlobalSection
EndGlobal
