
Microsoft Visual Studio Solution File, Format Version 12.00
# Visual Studio Version 17
VisualStudioVersion = 17.1.32228.430
MinimumVisualStudioVersion = 10.0.40219.1
Project("{FAE04EC0-301F-11D3-BF4B-00C04F79EFBC}") = "1.2.16学生评教", "1.2.16学生评教.csproj", "{530E483E-B931-4652-B568-481DC71037B8}"
EndProject
Global
	GlobalSection(SolutionConfigurationPlatforms) = preSolution
		Debug|Any CPU = Debug|Any CPU
		Release|Any CPU = Release|Any CPU
	EndGlobalSection
	GlobalSection(ProjectConfigurationPlatforms) = postSolution
		{530E483E-B931-4652-B568-481DC71037B8}.Debug|Any CPU.ActiveCfg = Debug|Any CPU
		{530E483E-B931-4652-B568-481DC71037B8}.Debug|Any CPU.Build.0 = Debug|Any CPU
		{530E483E-B931-4652-B568-481DC71037B8}.Release|Any CPU.ActiveCfg = Release|Any CPU
		{530E483E-B931-4652-B568-481DC71037B8}.Release|Any CPU.Build.0 = Release|Any CPU
	EndGlobalSection
	GlobalSection(SolutionProperties) = preSolution
		HideSolutionNode = FALSE
	EndGlobalSection
	GlobalSection(ExtensibilityGlobals) = postSolution
		SolutionGuid = {31C381CA-A427-4C3D-8CDF-DFD2B539ED9F}
	EndGlobalSection
EndGlobal
